
Microsoft Visual Studio Solution File, Format Version 12.00
# Visual Studio Version 16
VisualStudioVersion = 16.0.30907.101
MinimumVisualStudioVersion = 10.0.40219.1
Project("{FAE04EC0-301F-11D3-BF4B-00C04F79EFBC}") = "Ch05Ex05", "Ch05Ex05\Ch05Ex05.csproj", "{8978E044-2944-41A9-BEEE-9D045648E5E8}"
EndProject
Global
	GlobalSection(SolutionConfigurationPlatforms) = preSolution
		Debug|Any CPU = Debug|Any CPU
		Release|Any CPU = Release|Any CPU
	EndGlobalSection
	GlobalSection(ProjectConfigurationPlatforms) = postSolution
		{8978E044-2944-41A9-BEEE-9D045648E5E8}.Debug|Any CPU.ActiveCfg = Debug|Any CPU
		{8978E044-2944-41A9-BEEE-9D045648E5E8}.Debug|Any CPU.Build.0 = Debug|Any CPU
		{8978E044-2944-41A9-BEEE-9D045648E5E8}.Release|Any CPU.ActiveCfg = Release|Any CPU
		{8978E044-2944-41A9-BEEE-9D045648E5E8}.Release|Any CPU.Build.0 = Release|Any CPU
	EndGlobalSection
	GlobalSection(SolutionProperties) = preSolution
		HideSolutionNode = FALSE
	EndGlobalSection
	GlobalSection(ExtensibilityGlobals) = postSolution
		SolutionGuid = {86EFE3A6-9605-40AB-B97E-87BC3075FC71}
	EndGlobalSection
EndGlobal
